// !$*UTF8*$!
{
	archiveVersion = 1;
	classes = {
	};
	objectVersion = 56;
	objects = {

/* Begin PBXBuildFile section */
		C066B5832A603DCE00877BA6 /* offersPage.swift in Sources */ = {isa = PBXBuildFile; fileRef = C066B5822A603DCE00877BA6 /* offersPage.swift */; };
		C066B58B2A60433700877BA6 /* offers.swift in Sources */ = {isa = PBXBuildFile; fileRef = C066B58A2A60433700877BA6 /* offers.swift */; };
		C066B58F2A60441900877BA6 /* MenuPage.swift in Sources */ = {isa = PBXBuildFile; fileRef = C066B58E2A60441900877BA6 /* MenuPage.swift */; };
		C066B5912A60442300877BA6 /* OrdersPage.swift in Sources */ = {isa = PBXBuildFile; fileRef = C066B5902A60442300877BA6 /* OrdersPage.swift */; };
		C066B5932A60442C00877BA6 /* InfoPage.swift in Sources */ = {isa = PBXBuildFile; fileRef = C066B5922A60442C00877BA6 /* InfoPage.swift */; };
		C066B5952A6045C800877BA6 /* ProductItem.swift in Sources */ = {isa = PBXBuildFile; fileRef = C066B5942A6045C800877BA6 /* ProductItem.swift */; };
		C066B5972A60475400877BA6 /* Details.swift in Sources */ = {isa = PBXBuildFile; fileRef = C066B5962A60475400877BA6 /* Details.swift */; };
		C066B59B2A60497100877BA6 /* Category.swift in Sources */ = {isa = PBXBuildFile; fileRef = C066B59A2A60497100877BA6 /* Category.swift */; };
		C066B59D2A60497E00877BA6 /* Product.swift in Sources */ = {isa = PBXBuildFile; fileRef = C066B59C2A60497E00877BA6 /* Product.swift */; };
		C09862B82A61A32400581350 /* Alamofire in Frameworks */ = {isa = PBXBuildFile; productRef = C09862B72A61A32400581350 /* Alamofire */; };
		C0C9DF462A5EAAE7008C9CFD /* CoffeeMateApp.swift in Sources */ = {isa = PBXBuildFile; fileRef = C0C9DF452A5EAAE7008C9CFD /* CoffeeMateApp.swift */; };
		C0C9DF482A5EAAE7008C9CFD /* ContentView.swift in Sources */ = {isa = PBXBuildFile; fileRef = C0C9DF472A5EAAE7008C9CFD /* ContentView.swift */; };
		C0C9DF4A2A5EAAEA008C9CFD /* Assets.xcassets in Resources */ = {isa = PBXBuildFile; fileRef = C0C9DF492A5EAAEA008C9CFD /* Assets.xcassets */; };
		C0C9DF4D2A5EAAEA008C9CFD /* Preview Assets.xcassets in Resources */ = {isa = PBXBuildFile; fileRef = C0C9DF4C2A5EAAEA008C9CFD /* Preview Assets.xcassets */; };
		C0CA53E12A60F7C100EA0A1B /* MenuManager.swift in Sources */ = {isa = PBXBuildFile; fileRef = C0CA53E02A60F7C100EA0A1B /* MenuManager.swift */; };
		C0CA53E32A60F7D600EA0A1B /* CartManager.swift in Sources */ = {isa = PBXBuildFile; fileRef = C0CA53E22A60F7D600EA0A1B /* CartManager.swift */; };
		C0CA53E52A6188EE00EA0A1B /* OrderItem.swift in Sources */ = {isa = PBXBuildFile; fileRef = C0CA53E42A6188EE00EA0A1B /* OrderItem.swift */; };
/* End PBXBuildFile section */

/* Begin PBXFileReference section */
		C066B5822A603DCE00877BA6 /* offersPage.swift */ = {isa = PBXFileReference; lastKnownFileType = sourcecode.swift; path = offersPage.swift; sourceTree = "<group>"; };
		C066B58A2A60433700877BA6 /* offers.swift */ = {isa = PBXFileReference; lastKnownFileType = sourcecode.swift; path = offers.swift; sourceTree = "<group>"; };
		C066B58E2A60441900877BA6 /* MenuPage.swift */ = {isa = PBXFileReference; lastKnownFileType = sourcecode.swift; path = MenuPage.swift; sourceTree = "<group>"; };
		C066B5902A60442300877BA6 /* OrdersPage.swift */ = {isa = PBXFileReference; lastKnownFileType = sourcecode.swift; path = OrdersPage.swift; sourceTree = "<group>"; };
		C066B5922A60442C00877BA6 /* InfoPage.swift */ = {isa = PBXFileReference; lastKnownFileType = sourcecode.swift; path = InfoPage.swift; sourceTree = "<group>"; };
		C066B5942A6045C800877BA6 /* ProductItem.swift */ = {isa = PBXFileReference; lastKnownFileType = sourcecode.swift; path = ProductItem.swift; sourceTree = "<group>"; };
		C066B5962A60475400877BA6 /* Details.swift */ = {isa = PBXFileReference; lastKnownFileType = sourcecode.swift; path = Details.swift; sourceTree = "<group>"; };
		C066B59A2A60497100877BA6 /* Category.swift */ = {isa = PBXFileReference; lastKnownFileType = sourcecode.swift; path = Category.swift; sourceTree = "<group>"; };
		C066B59C2A60497E00877BA6 /* Product.swift */ = {isa = PBXFileReference; lastKnownFileType = sourcecode.swift; path = Product.swift; sourceTree = "<group>"; };
		C0C9DF422A5EAAE7008C9CFD /* CoffeeMate.app */ = {isa = PBXFileReference; explicitFileType = wrapper.application; includeInIndex = 0; path = CoffeeMate.app; sourceTree = BUILT_PRODUCTS_DIR; };
		C0C9DF452A5EAAE7008C9CFD /* CoffeeMateApp.swift */ = {isa = PBXFileReference; lastKnownFileType = sourcecode.swift; path = CoffeeMateApp.swift; sourceTree = "<group>"; };
		C0C9DF472A5EAAE7008C9CFD /* ContentView.swift */ = {isa = PBXFileReference; lastKnownFileType = sourcecode.swift; path = ContentView.swift; sourceTree = "<group>"; };
		C0C9DF492A5EAAEA008C9CFD /* Assets.xcassets */ = {isa = PBXFileReference; lastKnownFileType = folder.assetcatalog; path = Assets.xcassets; sourceTree = "<group>"; };
		C0C9DF4C2A5EAAEA008C9CFD /* Preview Assets.xcassets */ = {isa = PBXFileReference; lastKnownFileType = folder.assetcatalog; path = "Preview Assets.xcassets"; sourceTree = "<group>"; };
		C0CA53E02A60F7C100EA0A1B /* MenuManager.swift */ = {isa = PBXFileReference; lastKnownFileType = sourcecode.swift; path = MenuManager.swift; sourceTree = "<group>"; };
		C0CA53E22A60F7D600EA0A1B /* CartManager.swift */ = {isa = PBXFileReference; lastKnownFileType = sourcecode.swift; path = CartManager.swift; sourceTree = "<group>"; };
		C0CA53E42A6188EE00EA0A1B /* OrderItem.swift */ = {isa = PBXFileReference; lastKnownFileType = sourcecode.swift; path = OrderItem.swift; sourceTree = "<group>"; };
/* End PBXFileReference section */

/* Begin PBXFrameworksBuildPhase section */
		C0C9DF3F2A5EAAE7008C9CFD /* Frameworks */ = {
			isa = PBXFrameworksBuildPhase;
			buildActionMask = 2147483647;
			files = (
				C09862B82A61A32400581350 /* Alamofire in Frameworks */,
			);
			runOnlyForDeploymentPostprocessing = 0;
		};
/* End PBXFrameworksBuildPhase section */

/* Begin PBXGroup section */
		C066B5862A6041C800877BA6 /* Page views */ = {
			isa = PBXGroup;
			children = (
				C066B5822A603DCE00877BA6 /* offersPage.swift */,
				C066B58E2A60441900877BA6 /* MenuPage.swift */,
				C066B5902A60442300877BA6 /* OrdersPage.swift */,
				C066B5962A60475400877BA6 /* Details.swift */,
				C066B5922A60442C00877BA6 /* InfoPage.swift */,
			);
			path = "Page views";
			sourceTree = "<group>";
		};
		C066B58D2A6043D700877BA6 /* Views */ = {
			isa = PBXGroup;
			children = (
				C066B58A2A60433700877BA6 /* offers.swift */,
				C066B5942A6045C800877BA6 /* ProductItem.swift */,
				C0CA53E42A6188EE00EA0A1B /* OrderItem.swift */,
			);
			name = Views;
			path = "New Group/Views";
			sourceTree = "<group>";
		};
		C066B5982A60494600877BA6 /* Model */ = {
			isa = PBXGroup;
			children = (
				C0CA53E22A60F7D600EA0A1B /* CartManager.swift */,
				C0CA53E02A60F7C100EA0A1B /* MenuManager.swift */,
				C066B59A2A60497100877BA6 /* Category.swift */,
				C066B59C2A60497E00877BA6 /* Product.swift */,
			);
			path = Model;
			sourceTree = "<group>";
		};
		C0C9DF392A5EAAE7008C9CFD = {
			isa = PBXGroup;
			children = (
				C0C9DF442A5EAAE7008C9CFD /* CoffeeMate */,
				C0C9DF432A5EAAE7008C9CFD /* Products */,
			);
			sourceTree = "<group>";
		};
		C0C9DF432A5EAAE7008C9CFD /* Products */ = {
			isa = PBXGroup;
			children = (
				C0C9DF422A5EAAE7008C9CFD /* CoffeeMate.app */,
			);
			name = Products;
			sourceTree = "<group>";
		};
		C0C9DF442A5EAAE7008C9CFD /* CoffeeMate */ = {
			isa = PBXGroup;
			children = (
				C066B5982A60494600877BA6 /* Model */,
				C066B58D2A6043D700877BA6 /* Views */,
				C066B5862A6041C800877BA6 /* Page views */,
				C0C9DF452A5EAAE7008C9CFD /* CoffeeMateApp.swift */,
				C0C9DF472A5EAAE7008C9CFD /* ContentView.swift */,
				C0C9DF492A5EAAEA008C9CFD /* Assets.xcassets */,
				C0C9DF4B2A5EAAEA008C9CFD /* Preview Content */,
			);
			path = CoffeeMate;
			sourceTree = "<group>";
		};
		C0C9DF4B2A5EAAEA008C9CFD /* Preview Content */ = {
			isa = PBXGroup;
			children = (
				C0C9DF4C2A5EAAEA008C9CFD /* Preview Assets.xcassets */,
			);
			path = "Preview Content";
			sourceTree = "<group>";
		};
/* End PBXGroup section */

/* Begin PBXNativeTarget section */
		C0C9DF412A5EAAE7008C9CFD /* CoffeeMate */ = {
			isa = PBXNativeTarget;
			buildConfigurationList = C0C9DF502A5EAAEA008C9CFD /* Build configuration list for PBXNativeTarget "CoffeeMate" */;
			buildPhases = (
				C0C9DF3E2A5EAAE7008C9CFD /* Sources */,
				C0C9DF3F2A5EAAE7008C9CFD /* Frameworks */,
				C0C9DF402A5EAAE7008C9CFD /* Resources */,
			);
			buildRules = (
			);
			dependencies = (
			);
			name = CoffeeMate;
			packageProductDependencies = (
				C09862B72A61A32400581350 /* Alamofire */,
			);
			productName = CoffeeMate;
			productReference = C0C9DF422A5EAAE7008C9CFD /* CoffeeMate.app */;
			productType = "com.apple.product-type.application";
		};
/* End PBXNativeTarget section */

/* Begin PBXProject section */
		C0C9DF3A2A5EAAE7008C9CFD /* Project object */ = {
			isa = PBXProject;
			attributes = {
				BuildIndependentTargetsInParallel = 1;
				LastSwiftUpdateCheck = 1430;
				LastUpgradeCheck = 1430;
				TargetAttributes = {
					C0C9DF412A5EAAE7008C9CFD = {
						CreatedOnToolsVersion = 14.3.1;
					};
				};
			};
			buildConfigurationList = C0C9DF3D2A5EAAE7008C9CFD /* Build configuration list for PBXProject "CoffeeMate" */;
			compatibilityVersion = "Xcode 14.0";
			developmentRegion = en;
			hasScannedForEncodings = 0;
			knownRegions = (
				en,
				Base,
			);
			mainGroup = C0C9DF392A5EAAE7008C9CFD;
			packageReferences = (
				C09862B62A61A32400581350 /* XCRemoteSwiftPackageReference "Alamofire" */,
			);
			productRefGroup = C0C9DF432A5EAAE7008C9CFD /* Products */;
			projectDirPath = "";
			projectRoot = "";
			targets = (
				C0C9DF412A5EAAE7008C9CFD /* CoffeeMate */,
			);
		};
/* End PBXProject section */

/* Begin PBXResourcesBuildPhase section */
		C0C9DF402A5EAAE7008C9CFD /* Resources */ = {
			isa = PBXResourcesBuildPhase;
			buildActionMask = 2147483647;
			files = (
				C0C9DF4D2A5EAAEA008C9CFD /* Preview Assets.xcassets in Resources */,
				C0C9DF4A2A5EAAEA008C9CFD /* Assets.xcassets in Resources */,
			);
			runOnlyForDeploymentPostprocessing = 0;
		};
/* End PBXResourcesBuildPhase section */

/* Begin PBXSourcesBuildPhase section */
		C0C9DF3E2A5EAAE7008C9CFD /* Sources */ = {
			isa = PBXSourcesBuildPhase;
			buildActionMask = 2147483647;
			files = (
				C0CA53E12A60F7C100EA0A1B /* MenuManager.swift in Sources */,
				C0CA53E32A60F7D600EA0A1B /* CartManager.swift in Sources */,
				C066B58B2A60433700877BA6 /* offers.swift in Sources */,
				C066B59B2A60497100877BA6 /* Category.swift in Sources */,
				C066B5832A603DCE00877BA6 /* offersPage.swift in Sources */,
				C066B58F2A60441900877BA6 /* MenuPage.swift in Sources */,
				C066B5932A60442C00877BA6 /* InfoPage.swift in Sources */,
				C066B59D2A60497E00877BA6 /* Product.swift in Sources */,
				C066B5952A6045C800877BA6 /* ProductItem.swift in Sources */,
				C0CA53E52A6188EE00EA0A1B /* OrderItem.swift in Sources */,
				C066B5972A60475400877BA6 /* Details.swift in Sources */,
				C0C9DF482A5EAAE7008C9CFD /* ContentView.swift in Sources */,
				C066B5912A60442300877BA6 /* OrdersPage.swift in Sources */,
				C0C9DF462A5EAAE7008C9CFD /* CoffeeMateApp.swift in Sources */,
			);
			runOnlyForDeploymentPostprocessing = 0;
		};
/* End PBXSourcesBuildPhase section */

/* Begin XCBuildConfiguration section */
		C0C9DF4E2A5EAAEA008C9CFD /* Debug */ = {
			isa = XCBuildConfiguration;
			buildSettings = {
				ALWAYS_SEARCH_USER_PATHS = NO;
				CLANG_ANALYZER_NONNULL = YES;
				CLANG_ANALYZER_NUMBER_OBJECT_CONVERSION = YES_AGGRESSIVE;
				CLANG_CXX_LANGUAGE_STANDARD = "gnu++20";
				CLANG_ENABLE_MODULES = YES;
				CLANG_ENABLE_OBJC_ARC = YES;
				CLANG_ENABLE_OBJC_WEAK = YES;
				CLANG_WARN_BLOCK_CAPTURE_AUTORELEASING = YES;
				CLANG_WARN_BOOL_CONVERSION = YES;
				CLANG_WARN_COMMA = YES;
				CLANG_WARN_CONSTANT_CONVERSION = YES;
				CLANG_WARN_DEPRECATED_OBJC_IMPLEMENTATIONS = YES;
				CLANG_WARN_DIRECT_OBJC_ISA_USAGE = YES_ERROR;
				CLANG_WARN_DOCUMENTATION_COMMENTS = YES;
				CLANG_WARN_EMPTY_BODY = YES;
				CLANG_WARN_ENUM_CONVERSION = YES;
				CLANG_WARN_INFINITE_RECURSION = YES;
				CLANG_WARN_INT_CONVERSION = YES;
				CLANG_WARN_NON_LITERAL_NULL_CONVERSION = YES;
				CLANG_WARN_OBJC_IMPLICIT_RETAIN_SELF = YES;
				CLANG_WARN_OBJC_LITERAL_CONVERSION = YES;
				CLANG_WARN_OBJC_ROOT_CLASS = YES_ERROR;
				CLANG_WARN_QUOTED_INCLUDE_IN_FRAMEWORK_HEADER = YES;
				CLANG_WARN_RANGE_LOOP_ANALYSIS = YES;
				CLANG_WARN_STRICT_PROTOTYPES = YES;
				CLANG_WARN_SUSPICIOUS_MOVE = YES;
				CLANG_WARN_UNGUARDED_AVAILABILITY = YES_AGGRESSIVE;
				CLANG_WARN_UNREACHABLE_CODE = YES;
				CLANG_WARN__DUPLICATE_METHOD_MATCH = YES;
				COPY_PHASE_STRIP = NO;
				DEBUG_INFORMATION_FORMAT = dwarf;
				ENABLE_STRICT_OBJC_MSGSEND = YES;
				ENABLE_TESTABILITY = YES;
				GCC_C_LANGUAGE_STANDARD = gnu11;
				GCC_DYNAMIC_NO_PIC = NO;
				GCC_NO_COMMON_BLOCKS = YES;
				GCC_OPTIMIZATION_LEVEL = 0;
				GCC_PREPROCESSOR_DEFINITIONS = (
					"DEBUG=1",
					"$(inherited)",
				);
				GCC_WARN_64_TO_32_BIT_CONVERSION = YES;
				GCC_WARN_ABOUT_RETURN_TYPE = YES_ERROR;
				GCC_WARN_UNDECLARED_SELECTOR = YES;
				GCC_WARN_UNINITIALIZED_AUTOS = YES_AGGRESSIVE;
				GCC_WARN_UNUSED_FUNCTION = YES;
				GCC_WARN_UNUSED_VARIABLE = YES;
				IPHONEOS_DEPLOYMENT_TARGET = 16.4;
				MTL_ENABLE_DEBUG_INFO = INCLUDE_SOURCE;
				MTL_FAST_MATH = YES;
				ONLY_ACTIVE_ARCH = YES;
				SDKROOT = iphoneos;
				SWIFT_ACTIVE_COMPILATION_CONDITIONS = DEBUG;
				SWIFT_OPTIMIZATION_LEVEL = "-Onone";
			};
			name = Debug;
		};
		C0C9DF4F2A5EAAEA008C9CFD /* Release */ = {
			isa = XCBuildConfiguration;
			buildSettings = {
				ALWAYS_SEARCH_USER_PATHS = NO;
				CLANG_ANALYZER_NONNULL = YES;
				CLANG_ANALYZER_NUMBER_OBJECT_CONVERSION = YES_AGGRESSIVE;
				CLANG_CXX_LANGUAGE_STANDARD = "gnu++20";
				CLANG_ENABLE_MODULES = YES;
				CLANG_ENABLE_OBJC_ARC = YES;
				CLANG_ENABLE_OBJC_WEAK = YES;
				CLANG_WARN_BLOCK_CAPTURE_AUTORELEASING = YES;
				CLANG_WARN_BOOL_CONVERSION = YES;
				CLANG_WARN_COMMA = YES;
				CLANG_WARN_CONSTANT_CONVERSION = YES;
				CLANG_WARN_DEPRECATED_OBJC_IMPLEMENTATIONS = YES;
				CLANG_WARN_DIRECT_OBJC_ISA_USAGE = YES_ERROR;
				CLANG_WARN_DOCUMENTATION_COMMENTS = YES;
				CLANG_WARN_EMPTY_BODY = YES;
				CLANG_WARN_ENUM_CONVERSION = YES;
				CLANG_WARN_INFINITE_RECURSION = YES;
				CLANG_WARN_INT_CONVERSION = YES;
				CLANG_WARN_NON_LITERAL_NULL_CONVERSION = YES;
				CLANG_WARN_OBJC_IMPLICIT_RETAIN_SELF = YES;
				CLANG_WARN_OBJC_LITERAL_CONVERSION = YES;
				CLANG_WARN_OBJC_ROOT_CLASS = YES_ERROR;
				CLANG_WARN_QUOTED_INCLUDE_IN_FRAMEWORK_HEADER = YES;
				CLANG_WARN_RANGE_LOOP_ANALYSIS = YES;
				CLANG_WARN_STRICT_PROTOTYPES = YES;
				CLANG_WARN_SUSPICIOUS_MOVE = YES;
				CLANG_WARN_UNGUARDED_AVAILABILITY = YES_AGGRESSIVE;
				CLANG_WARN_UNREACHABLE_CODE = YES;
				CLANG_WARN__DUPLICATE_METHOD_MATCH = YES;
				COPY_PHASE_STRIP = NO;
				DEBUG_INFORMATION_FORMAT = "dwarf-with-dsym";
				ENABLE_NS_ASSERTIONS = NO;
				ENABLE_STRICT_OBJC_MSGSEND = YES;
				GCC_C_LANGUAGE_STANDARD = gnu11;
				GCC_NO_COMMON_BLOCKS = YES;
				GCC_WARN_64_TO_32_BIT_CONVERSION = YES;
				GCC_WARN_ABOUT_RETURN_TYPE = YES_ERROR;
				GCC_WARN_UNDECLARED_SELECTOR = YES;
				GCC_WARN_UNINITIALIZED_AUTOS = YES_AGGRESSIVE;
				GCC_WARN_UNUSED_FUNCTION = YES;
				GCC_WARN_UNUSED_VARIABLE = YES;
				IPHONEOS_DEPLOYMENT_TARGET = 16.4;
				MTL_ENABLE_DEBUG_INFO = NO;
				MTL_FAST_MATH = YES;
				SDKROOT = iphoneos;
				SWIFT_COMPILATION_MODE = wholemodule;
				SWIFT_OPTIMIZATION_LEVEL = "-O";
				VALIDATE_PRODUCT = YES;
			};
			name = Release;
		};
		C0C9DF512A5EAAEA008C9CFD /* Debug */ = {
			isa = XCBuildConfiguration;
			buildSettings = {
				ASSETCATALOG_COMPILER_APPICON_NAME = AppIcon;
				ASSETCATALOG_COMPILER_GLOBAL_ACCENT_COLOR_NAME = AccentColor;
				CODE_SIGN_STYLE = Automatic;
				CURRENT_PROJECT_VERSION = 1;
				DEVELOPMENT_ASSET_PATHS = "\"CoffeeMate/Preview Content\"";
				ENABLE_PREVIEWS = YES;
				GENERATE_INFOPLIST_FILE = YES;
				INFOPLIST_KEY_UIApplicationSceneManifest_Generation = YES;
				INFOPLIST_KEY_UIApplicationSupportsIndirectInputEvents = YES;
				INFOPLIST_KEY_UILaunchScreen_Generation = YES;
				INFOPLIST_KEY_UISupportedInterfaceOrientations_iPad = "UIInterfaceOrientationPortrait UIInterfaceOrientationPortraitUpsideDown UIInterfaceOrientationLandscapeLeft UIInterfaceOrientationLandscapeRight";
				INFOPLIST_KEY_UISupportedInterfaceOrientations_iPhone = "UIInterfaceOrientationPortrait UIInterfaceOrientationLandscapeLeft UIInterfaceOrientationLandscapeRight";
				LD_RUNPATH_SEARCH_PATHS = (
					"$(inherited)",
					"@executable_path/Frameworks",
				);
				MARKETING_VERSION = 1.0;
				PRODUCT_BUNDLE_IDENTIFIER = com.is.CoffeeMate;
				PRODUCT_NAME = "$(TARGET_NAME)";
				SWIFT_EMIT_LOC_STRINGS = YES;
				SWIFT_VERSION = 5.0;
				TARGETED_DEVICE_FAMILY = "1,2";
			};
			name = Debug;
		};
		C0C9DF522A5EAAEA008C9CFD /* Release */ = {
			isa = XCBuildConfiguration;
			buildSettings = {
				ASSETCATALOG_COMPILER_APPICON_NAME = AppIcon;
				ASSETCATALOG_COMPILER_GLOBAL_ACCENT_COLOR_NAME = AccentColor;
				CODE_SIGN_STYLE = Automatic;
				CURRENT_PROJECT_VERSION = 1;
				DEVELOPMENT_ASSET_PATHS = "\"CoffeeMate/Preview Content\"";
				ENABLE_PREVIEWS = YES;
				GENERATE_INFOPLIST_FILE = YES;
				INFOPLIST_KEY_UIApplicationSceneManifest_Generation = YES;
				INFOPLIST_KEY_UIApplicationSupportsIndirectInputEvents = YES;
				INFOPLIST_KEY_UILaunchScreen_Generation = YES;
				INFOPLIST_KEY_UISupportedInterfaceOrientations_iPad = "UIInterfaceOrientationPortrait UIInterfaceOrientationPortraitUpsideDown UIInterfaceOrientationLandscapeLeft UIInterfaceOrientationLandscapeRight";
				INFOPLIST_KEY_UISupportedInterfaceOrientations_iPhone = "UIInterfaceOrientationPortrait UIInterfaceOrientationLandscapeLeft UIInterfaceOrientationLandscapeRight";
				LD_RUNPATH_SEARCH_PATHS = (
					"$(inherited)",
					"@executable_path/Frameworks",
				);
				MARKETING_VERSION = 1.0;
				PRODUCT_BUNDLE_IDENTIFIER = com.is.CoffeeMate;
				PRODUCT_NAME = "$(TARGET_NAME)";
				SWIFT_EMIT_LOC_STRINGS = YES;
				SWIFT_VERSION = 5.0;
				TARGETED_DEVICE_FAMILY = "1,2";
			};
			name = Release;
		};
/* End XCBuildConfiguration section */

/* Begin XCConfigurationList section */
		C0C9DF3D2A5EAAE7008C9CFD /* Build configuration list for PBXProject "CoffeeMate" */ = {
			isa = XCConfigurationList;
			buildConfigurations = (
				C0C9DF4E2A5EAAEA008C9CFD /* Debug */,
				C0C9DF4F2A5EAAEA008C9CFD /* Release */,
			);
			defaultConfigurationIsVisible = 0;
			defaultConfigurationName = Release;
		};
		C0C9DF502A5EAAEA008C9CFD /* Build configuration list for PBXNativeTarget "CoffeeMate" */ = {
			isa = XCConfigurationList;
			buildConfigurations = (
				C0C9DF512A5EAAEA008C9CFD /* Debug */,
				C0C9DF522A5EAAEA008C9CFD /* Release */,
			);
			defaultConfigurationIsVisible = 0;
			defaultConfigurationName = Release;
		};
/* End XCConfigurationList section */

/* Begin XCRemoteSwiftPackageReference section */
		C09862B62A61A32400581350 /* XCRemoteSwiftPackageReference "Alamofire" */ = {
			isa = XCRemoteSwiftPackageReference;
			repositoryURL = "https://github.com/Alamofire/Alamofire.git";
			requirement = {
				kind = upToNextMajorVersion;
				minimumVersion = 5.0.0;
			};
		};
/* End XCRemoteSwiftPackageReference section */

/* Begin XCSwiftPackageProductDependency section */
		C09862B72A61A32400581350 /* Alamofire */ = {
			isa = XCSwiftPackageProductDependency;
			package = C09862B62A61A32400581350 /* XCRemoteSwiftPackageReference "Alamofire" */;
			productName = Alamofire;
		};
/* End XCSwiftPackageProductDependency section */
	};
	rootObject = C0C9DF3A2A5EAAE7008C9CFD /* Project object */;
}
